// !$*UTF8*$!
{
	archiveVersion = 1;
	classes = {
	};
	objectVersion = 55;
	objects = {

/* Begin PBXBuildFile section */
		B791AF9A28B0CA5800BCDF29 /* AppDelegate.swift in Sources */ = {isa = PBXBuildFile; fileRef = B791AF9928B0CA5800BCDF29 /* AppDelegate.swift */; };
		B791AF9C28B0CA5800BCDF29 /* SceneDelegate.swift in Sources */ = {isa = PBXBuildFile; fileRef = B791AF9B28B0CA5800BCDF29 /* SceneDelegate.swift */; };
		B791AF9E28B0CA5800BCDF29 /* ViewController.swift in Sources */ = {isa = PBXBuildFile; fileRef = B791AF9D28B0CA5800BCDF29 /* ViewController.swift */; };
		B791AFA128B0CA5800BCDF29 /* Main.storyboard in Resources */ = {isa = PBXBuildFile; fileRef = B791AF9F28B0CA5800BCDF29 /* Main.storyboard */; };
		B791AFA428B0CA5800BCDF29 /* Namaz_Sureleri.xcdatamodeld in Sources */ = {isa = PBXBuildFile; fileRef = B791AFA228B0CA5800BCDF29 /* Namaz_Sureleri.xcdatamodeld */; };
		B791AFA628B0CA5900BCDF29 /* Assets.xcassets in Resources */ = {isa = PBXBuildFile; fileRef = B791AFA528B0CA5900BCDF29 /* Assets.xcassets */; };
		B791AFA928B0CA5900BCDF29 /* LaunchScreen.storyboard in Resources */ = {isa = PBXBuildFile; fileRef = B791AFA728B0CA5900BCDF29 /* LaunchScreen.storyboard */; };
		B791AFB428B0CA5A00BCDF29 /* Namaz_SureleriTests.swift in Sources */ = {isa = PBXBuildFile; fileRef = B791AFB328B0CA5A00BCDF29 /* Namaz_SureleriTests.swift */; };
		B791AFBE28B0CA5A00BCDF29 /* Namaz_SureleriUITests.swift in Sources */ = {isa = PBXBuildFile; fileRef = B791AFBD28B0CA5A00BCDF29 /* Namaz_SureleriUITests.swift */; };
		B791AFC028B0CA5A00BCDF29 /* Namaz_SureleriUITestsLaunchTests.swift in Sources */ = {isa = PBXBuildFile; fileRef = B791AFBF28B0CA5A00BCDF29 /* Namaz_SureleriUITestsLaunchTests.swift */; };
/* End PBXBuildFile section */

/* Begin PBXContainerItemProxy section */
		B791AFB028B0CA5A00BCDF29 /* PBXContainerItemProxy */ = {
			isa = PBXContainerItemProxy;
			containerPortal = B791AF8E28B0CA5800BCDF29 /* Project object */;
			proxyType = 1;
			remoteGlobalIDString = B791AF9528B0CA5800BCDF29;
			remoteInfo = "Namaz Sureleri";
		};
		B791AFBA28B0CA5A00BCDF29 /* PBXContainerItemProxy */ = {
			isa = PBXContainerItemProxy;
			containerPortal = B791AF8E28B0CA5800BCDF29 /* Project object */;
			proxyType = 1;
			remoteGlobalIDString = B791AF9528B0CA5800BCDF29;
			remoteInfo = "Namaz Sureleri";
		};
/* End PBXContainerItemProxy section */

/* Begin PBXFileReference section */
		B791AF9628B0CA5800BCDF29 /* Namaz Sureleri.app */ = {isa = PBXFileReference; explicitFileType = wrapper.application; includeInIndex = 0; path = "Namaz Sureleri.app"; sourceTree = BUILT_PRODUCTS_DIR; };
		B791AF9928B0CA5800BCDF29 /* AppDelegate.swift */ = {isa = PBXFileReference; lastKnownFileType = sourcecode.swift; path = AppDelegate.swift; sourceTree = "<group>"; };
		B791AF9B28B0CA5800BCDF29 /* SceneDelegate.swift */ = {isa = PBXFileReference; lastKnownFileType = sourcecode.swift; path = SceneDelegate.swift; sourceTree = "<group>"; };
		B791AF9D28B0CA5800BCDF29 /* ViewController.swift */ = {isa = PBXFileReference; lastKnownFileType = sourcecode.swift; path = ViewController.swift; sourceTree = "<group>"; };
		B791AFA028B0CA5800BCDF29 /* Base */ = {isa = PBXFileReference; lastKnownFileType = file.storyboard; name = Base; path = Base.lproj/Main.storyboard; sourceTree = "<group>"; };
		B791AFA328B0CA5800BCDF29 /* Namaz_Sureleri.xcdatamodel */ = {isa = PBXFileReference; lastKnownFileType = wrapper.xcdatamodel; path = Namaz_Sureleri.xcdatamodel; sourceTree = "<group>"; };
		B791AFA528B0CA5900BCDF29 /* Assets.xcassets */ = {isa = PBXFileReference; lastKnownFileType = folder.assetcatalog; path = Assets.xcassets; sourceTree = "<group>"; };
		B791AFA828B0CA5900BCDF29 /* Base */ = {isa = PBXFileReference; lastKnownFileType = file.storyboard; name = Base; path = Base.lproj/LaunchScreen.storyboard; sourceTree = "<group>"; };
		B791AFAA28B0CA5900BCDF29 /* Info.plist */ = {isa = PBXFileReference; lastKnownFileType = text.plist.xml; path = Info.plist; sourceTree = "<group>"; };
		B791AFAF28B0CA5A00BCDF29 /* Namaz SureleriTests.xctest */ = {isa = PBXFileReference; explicitFileType = wrapper.cfbundle; includeInIndex = 0; path = "Namaz SureleriTests.xctest"; sourceTree = BUILT_PRODUCTS_DIR; };
		B791AFB328B0CA5A00BCDF29 /* Namaz_SureleriTests.swift */ = {isa = PBXFileReference; lastKnownFileType = sourcecode.swift; path = Namaz_SureleriTests.swift; sourceTree = "<group>"; };
		B791AFB928B0CA5A00BCDF29 /* Namaz SureleriUITests.xctest */ = {isa = PBXFileReference; explicitFileType = wrapper.cfbundle; includeInIndex = 0; path = "Namaz SureleriUITests.xctest"; sourceTree = BUILT_PRODUCTS_DIR; };
		B791AFBD28B0CA5A00BCDF29 /* Namaz_SureleriUITests.swift */ = {isa = PBXFileReference; lastKnownFileType = sourcecode.swift; path = Namaz_SureleriUITests.swift; sourceTree = "<group>"; };
		B791AFBF28B0CA5A00BCDF29 /* Namaz_SureleriUITestsLaunchTests.swift */ = {isa = PBXFileReference; lastKnownFileType = sourcecode.swift; path = Namaz_SureleriUITestsLaunchTests.swift; sourceTree = "<group>"; };
/* End PBXFileReference section */

/* Begin PBXFrameworksBuildPhase section */
		B791AF9328B0CA5800BCDF29 /* Frameworks */ = {
			isa = PBXFrameworksBuildPhase;
			buildActionMask = 2147483647;
			files = (
			);
			runOnlyForDeploymentPostprocessing = 0;
		};
		B791AFAC28B0CA5A00BCDF29 /* Frameworks */ = {
			isa = PBXFrameworksBuildPhase;
			buildActionMask = 2147483647;
			files = (
			);
			runOnlyForDeploymentPostprocessing = 0;
		};
		B791AFB628B0CA5A00BCDF29 /* Frameworks */ = {
			isa = PBXFrameworksBuildPhase;
			buildActionMask = 2147483647;
			files = (
			);
			runOnlyForDeploymentPostprocessing = 0;
		};
/* End PBXFrameworksBuildPhase section */

/* Begin PBXGroup section */
		B791AF8D28B0CA5800BCDF29 = {
			isa = PBXGroup;
			children = (
				B791AF9828B0CA5800BCDF29 /* Namaz Sureleri */,
				B791AFB228B0CA5A00BCDF29 /* Namaz SureleriTests */,
				B791AFBC28B0CA5A00BCDF29 /* Namaz SureleriUITests */,
				B791AF9728B0CA5800BCDF29 /* Products */,
			);
			sourceTree = "<group>";
		};
		B791AF9728B0CA5800BCDF29 /* Products */ = {
			isa = PBXGroup;
			children = (
				B791AF9628B0CA5800BCDF29 /* Namaz Sureleri.app */,
				B791AFAF28B0CA5A00BCDF29 /* Namaz SureleriTests.xctest */,
				B791AFB928B0CA5A00BCDF29 /* Namaz SureleriUITests.xctest */,
			);
			name = Products;
			sourceTree = "<group>";
		};
		B791AF9828B0CA5800BCDF29 /* Namaz Sureleri */ = {
			isa = PBXGroup;
			children = (
				B791AF9928B0CA5800BCDF29 /* AppDelegate.swift */,
				B791AF9B28B0CA5800BCDF29 /* SceneDelegate.swift */,
				B791AF9D28B0CA5800BCDF29 /* ViewController.swift */,
				B791AF9F28B0CA5800BCDF29 /* Main.storyboard */,
				B791AFA528B0CA5900BCDF29 /* Assets.xcassets */,
				B791AFA728B0CA5900BCDF29 /* LaunchScreen.storyboard */,
				B791AFAA28B0CA5900BCDF29 /* Info.plist */,
				B791AFA228B0CA5800BCDF29 /* Namaz_Sureleri.xcdatamodeld */,
			);
			path = "Namaz Sureleri";
			sourceTree = "<group>";
		};
		B791AFB228B0CA5A00BCDF29 /* Namaz SureleriTests */ = {
			isa = PBXGroup;
			children = (
				B791AFB328B0CA5A00BCDF29 /* Namaz_SureleriTests.swift */,
			);
			path = "Namaz SureleriTests";
			sourceTree = "<group>";
		};
		B791AFBC28B0CA5A00BCDF29 /* Namaz SureleriUITests */ = {
			isa = PBXGroup;
			children = (
				B791AFBD28B0CA5A00BCDF29 /* Namaz_SureleriUITests.swift */,
				B791AFBF28B0CA5A00BCDF29 /* Namaz_SureleriUITestsLaunchTests.swift */,
			);
			path = "Namaz SureleriUITests";
			sourceTree = "<group>";
		};
/* End PBXGroup section */

/* Begin PBXNativeTarget section */
		B791AF9528B0CA5800BCDF29 /* Namaz Sureleri */ = {
			isa = PBXNativeTarget;
			buildConfigurationList = B791AFC328B0CA5A00BCDF29 /* Build configuration list for PBXNativeTarget "Namaz Sureleri" */;
			buildPhases = (
				B791AF9228B0CA5800BCDF29 /* Sources */,
				B791AF9328B0CA5800BCDF29 /* Frameworks */,
				B791AF9428B0CA5800BCDF29 /* Resources */,
			);
			buildRules = (
			);
			dependencies = (
			);
			name = "Namaz Sureleri";
			productName = "Namaz Sureleri";
			productReference = B791AF9628B0CA5800BCDF29 /* Namaz Sureleri.app */;
			productType = "com.apple.product-type.application";
		};
		B791AFAE28B0CA5A00BCDF29 /* Namaz SureleriTests */ = {
			isa = PBXNativeTarget;
			buildConfigurationList = B791AFC628B0CA5A00BCDF29 /* Build configuration list for PBXNativeTarget "Namaz SureleriTests" */;
			buildPhases = (
				B791AFAB28B0CA5A00BCDF29 /* Sources */,
				B791AFAC28B0CA5A00BCDF29 /* Frameworks */,
				B791AFAD28B0CA5A00BCDF29 /* Resources */,
			);
			buildRules = (
			);
			dependencies = (
				B791AFB128B0CA5A00BCDF29 /* PBXTargetDependency */,
			);
			name = "Namaz SureleriTests";
			productName = "Namaz SureleriTests";
			productReference = B791AFAF28B0CA5A00BCDF29 /* Namaz SureleriTests.xctest */;
			productType = "com.apple.product-type.bundle.unit-test";
		};
		B791AFB828B0CA5A00BCDF29 /* Namaz SureleriUITests */ = {
			isa = PBXNativeTarget;
			buildConfigurationList = B791AFC928B0CA5A00BCDF29 /* Build configuration list for PBXNativeTarget "Namaz SureleriUITests" */;
			buildPhases = (
				B791AFB528B0CA5A00BCDF29 /* Sources */,
				B791AFB628B0CA5A00BCDF29 /* Frameworks */,
				B791AFB728B0CA5A00BCDF29 /* Resources */,
			);
			buildRules = (
			);
			dependencies = (
				B791AFBB28B0CA5A00BCDF29 /* PBXTargetDependency */,
			);
			name = "Namaz SureleriUITests";
			productName = "Namaz SureleriUITests";
			productReference = B791AFB928B0CA5A00BCDF29 /* Namaz SureleriUITests.xctest */;
			productType = "com.apple.product-type.bundle.ui-testing";
		};
/* End PBXNativeTarget section */

/* Begin PBXProject section */
		B791AF8E28B0CA5800BCDF29 /* Project object */ = {
			isa = PBXProject;
			attributes = {
				BuildIndependentTargetsInParallel = 1;
				LastSwiftUpdateCheck = 1340;
				LastUpgradeCheck = 1340;
				TargetAttributes = {
					B791AF9528B0CA5800BCDF29 = {
						CreatedOnToolsVersion = 13.4.1;
					};
					B791AFAE28B0CA5A00BCDF29 = {
						CreatedOnToolsVersion = 13.4.1;
						TestTargetID = B791AF9528B0CA5800BCDF29;
					};
					B791AFB828B0CA5A00BCDF29 = {
						CreatedOnToolsVersion = 13.4.1;
						TestTargetID = B791AF9528B0CA5800BCDF29;
					};
				};
			};
			buildConfigurationList = B791AF9128B0CA5800BCDF29 /* Build configuration list for PBXProject "Namaz Sureleri" */;
			compatibilityVersion = "Xcode 13.0";
			developmentRegion = en;
			hasScannedForEncodings = 0;
			knownRegions = (
				en,
				Base,
			);
			mainGroup = B791AF8D28B0CA5800BCDF29;
			productRefGroup = B791AF9728B0CA5800BCDF29 /* Products */;
			projectDirPath = "";
			projectRoot = "";
			targets = (
				B791AF9528B0CA5800BCDF29 /* Namaz Sureleri */,
				B791AFAE28B0CA5A00BCDF29 /* Namaz SureleriTests */,
				B791AFB828B0CA5A00BCDF29 /* Namaz SureleriUITests */,
			);
		};
/* End PBXProject section */

/* Begin PBXResourcesBuildPhase section */
		B791AF9428B0CA5800BCDF29 /* Resources */ = {
			isa = PBXResourcesBuildPhase;
			buildActionMask = 2147483647;
			files = (
				B791AFA928B0CA5900BCDF29 /* LaunchScreen.storyboard in Resources */,
				B791AFA628B0CA5900BCDF29 /* Assets.xcassets in Resources */,
				B791AFA128B0CA5800BCDF29 /* Main.storyboard in Resources */,
			);
			runOnlyForDeploymentPostprocessing = 0;
		};
		B791AFAD28B0CA5A00BCDF29 /* Resources */ = {
			isa = PBXResourcesBuildPhase;
			buildActionMask = 2147483647;
			files = (
			);
			runOnlyForDeploymentPostprocessing = 0;
		};
		B791AFB728B0CA5A00BCDF29 /* Resources */ = {
			isa = PBXResourcesBuildPhase;
			buildActionMask = 2147483647;
			files = (
			);
			runOnlyForDeploymentPostprocessing = 0;
		};
/* End PBXResourcesBuildPhase section */

/* Begin PBXSourcesBuildPhase section */
		B791AF9228B0CA5800BCDF29 /* Sources */ = {
			isa = PBXSourcesBuildPhase;
			buildActionMask = 2147483647;
			files = (
				B791AFA428B0CA5800BCDF29 /* Namaz_Sureleri.xcdatamodeld in Sources */,
				B791AF9E28B0CA5800BCDF29 /* ViewController.swift in Sources */,
				B791AF9A28B0CA5800BCDF29 /* AppDelegate.swift in Sources */,
				B791AF9C28B0CA5800BCDF29 /* SceneDelegate.swift in Sources */,
			);
			runOnlyForDeploymentPostprocessing = 0;
		};
		B791AFAB28B0CA5A00BCDF29 /* Sources */ = {
			isa = PBXSourcesBuildPhase;
			buildActionMask = 2147483647;
			files = (
				B791AFB428B0CA5A00BCDF29 /* Namaz_SureleriTests.swift in Sources */,
			);
			runOnlyForDeploymentPostprocessing = 0;
		};
		B791AFB528B0CA5A00BCDF29 /* Sources */ = {
			isa = PBXSourcesBuildPhase;
			buildActionMask = 2147483647;
			files = (
				B791AFBE28B0CA5A00BCDF29 /* Namaz_SureleriUITests.swift in Sources */,
				B791AFC028B0CA5A00BCDF29 /* Namaz_SureleriUITestsLaunchTests.swift in Sources */,
			);
			runOnlyForDeploymentPostprocessing = 0;
		};
/* End PBXSourcesBuildPhase section */

/* Begin PBXTargetDependency section */
		B791AFB128B0CA5A00BCDF29 /* PBXTargetDependency */ = {
			isa = PBXTargetDependency;
			target = B791AF9528B0CA5800BCDF29 /* Namaz Sureleri */;
			targetProxy = B791AFB028B0CA5A00BCDF29 /* PBXContainerItemProxy */;
		};
		B791AFBB28B0CA5A00BCDF29 /* PBXTargetDependency */ = {
			isa = PBXTargetDependency;
			target = B791AF9528B0CA5800BCDF29 /* Namaz Sureleri */;
			targetProxy = B791AFBA28B0CA5A00BCDF29 /* PBXContainerItemProxy */;
		};
/* End PBXTargetDependency section */

/* Begin PBXVariantGroup section */
		B791AF9F28B0CA5800BCDF29 /* Main.storyboard */ = {
			isa = PBXVariantGroup;
			children = (
				B791AFA028B0CA5800BCDF29 /* Base */,
			);
			name = Main.storyboard;
			sourceTree = "<group>";
		};
		B791AFA728B0CA5900BCDF29 /* LaunchScreen.storyboard */ = {
			isa = PBXVariantGroup;
			children = (
				B791AFA828B0CA5900BCDF29 /* Base */,
			);
			name = LaunchScreen.storyboard;
			sourceTree = "<group>";
		};
/* End PBXVariantGroup section */

/* Begin XCBuildConfiguration section */
		B791AFC128B0CA5A00BCDF29 /* Debug */ = {
			isa = XCBuildConfiguration;
			buildSettings = {
				ALWAYS_SEARCH_USER_PATHS = NO;
				CLANG_ANALYZER_NONNULL = YES;
				CLANG_ANALYZER_NUMBER_OBJECT_CONVERSION = YES_AGGRESSIVE;
				CLANG_CXX_LANGUAGE_STANDARD = "gnu++17";
				CLANG_ENABLE_MODULES = YES;
				CLANG_ENABLE_OBJC_ARC = YES;
				CLANG_ENABLE_OBJC_WEAK = YES;
				CLANG_WARN_BLOCK_CAPTURE_AUTORELEASING = YES;
				CLANG_WARN_BOOL_CONVERSION = YES;
				CLANG_WARN_COMMA = YES;
				CLANG_WARN_CONSTANT_CONVERSION = YES;
				CLANG_WARN_DEPRECATED_OBJC_IMPLEMENTATIONS = YES;
				CLANG_WARN_DIRECT_OBJC_ISA_USAGE = YES_ERROR;
				CLANG_WARN_DOCUMENTATION_COMMENTS = YES;
				CLANG_WARN_EMPTY_BODY = YES;
				CLANG_WARN_ENUM_CONVERSION = YES;
				CLANG_WARN_INFINITE_RECURSION = YES;
				CLANG_WARN_INT_CONVERSION = YES;
				CLANG_WARN_NON_LITERAL_NULL_CONVERSION = YES;
				CLANG_WARN_OBJC_IMPLICIT_RETAIN_SELF = YES;
				CLANG_WARN_OBJC_LITERAL_CONVERSION = YES;
				CLANG_WARN_OBJC_ROOT_CLASS = YES_ERROR;
				CLANG_WARN_QUOTED_INCLUDE_IN_FRAMEWORK_HEADER = YES;
				CLANG_WARN_RANGE_LOOP_ANALYSIS = YES;
				CLANG_WARN_STRICT_PROTOTYPES = YES;
				CLANG_WARN_SUSPICIOUS_MOVE = YES;
				CLANG_WARN_UNGUARDED_AVAILABILITY = YES_AGGRESSIVE;
				CLANG_WARN_UNREACHABLE_CODE = YES;
				CLANG_WARN__DUPLICATE_METHOD_MATCH = YES;
				COPY_PHASE_STRIP = NO;
				DEBUG_INFORMATION_FORMAT = dwarf;
				ENABLE_STRICT_OBJC_MSGSEND = YES;
				ENABLE_TESTABILITY = YES;
				GCC_C_LANGUAGE_STANDARD = gnu11;
				GCC_DYNAMIC_NO_PIC = NO;
				GCC_NO_COMMON_BLOCKS = YES;
				GCC_OPTIMIZATION_LEVEL = 0;
				GCC_PREPROCESSOR_DEFINITIONS = (
					"DEBUG=1",
					"$(inherited)",
				);
				GCC_WARN_64_TO_32_BIT_CONVERSION = YES;
				GCC_WARN_ABOUT_RETURN_TYPE = YES_ERROR;
				GCC_WARN_UNDECLARED_SELECTOR = YES;
				GCC_WARN_UNINITIALIZED_AUTOS = YES_AGGRESSIVE;
				GCC_WARN_UNUSED_FUNCTION = YES;
				GCC_WARN_UNUSED_VARIABLE = YES;
				IPHONEOS_DEPLOYMENT_TARGET = 15.5;
				MTL_ENABLE_DEBUG_INFO = INCLUDE_SOURCE;
				MTL_FAST_MATH = YES;
				ONLY_ACTIVE_ARCH = YES;
				SDKROOT = iphoneos;
				SWIFT_ACTIVE_COMPILATION_CONDITIONS = DEBUG;
				SWIFT_OPTIMIZATION_LEVEL = "-Onone";
			};
			name = Debug;
		};
		B791AFC228B0CA5A00BCDF29 /* Release */ = {
			isa = XCBuildConfiguration;
			buildSettings = {
				ALWAYS_SEARCH_USER_PATHS = NO;
				CLANG_ANALYZER_NONNULL = YES;
				CLANG_ANALYZER_NUMBER_OBJECT_CONVERSION = YES_AGGRESSIVE;
				CLANG_CXX_LANGUAGE_STANDARD = "gnu++17";
				CLANG_ENABLE_MODULES = YES;
				CLANG_ENABLE_OBJC_ARC = YES;
				CLANG_ENABLE_OBJC_WEAK = YES;
				CLANG_WARN_BLOCK_CAPTURE_AUTORELEASING = YES;
				CLANG_WARN_BOOL_CONVERSION = YES;
				CLANG_WARN_COMMA = YES;
				CLANG_WARN_CONSTANT_CONVERSION = YES;
				CLANG_WARN_DEPRECATED_OBJC_IMPLEMENTATIONS = YES;
				CLANG_WARN_DIRECT_OBJC_ISA_USAGE = YES_ERROR;
				CLANG_WARN_DOCUMENTATION_COMMENTS = YES;
				CLANG_WARN_EMPTY_BODY = YES;
				CLANG_WARN_ENUM_CONVERSION = YES;
				CLANG_WARN_INFINITE_RECURSION = YES;
				CLANG_WARN_INT_CONVERSION = YES;
				CLANG_WARN_NON_LITERAL_NULL_CONVERSION = YES;
				CLANG_WARN_OBJC_IMPLICIT_RETAIN_SELF = YES;
				CLANG_WARN_OBJC_LITERAL_CONVERSION = YES;
				CLANG_WARN_OBJC_ROOT_CLASS = YES_ERROR;
				CLANG_WARN_QUOTED_INCLUDE_IN_FRAMEWORK_HEADER = YES;
				CLANG_WARN_RANGE_LOOP_ANALYSIS = YES;
				CLANG_WARN_STRICT_PROTOTYPES = YES;
				CLANG_WARN_SUSPICIOUS_MOVE = YES;
				CLANG_WARN_UNGUARDED_AVAILABILITY = YES_AGGRESSIVE;
				CLANG_WARN_UNREACHABLE_CODE = YES;
				CLANG_WARN__DUPLICATE_METHOD_MATCH = YES;
				COPY_PHASE_STRIP = NO;
				DEBUG_INFORMATION_FORMAT = "dwarf-with-dsym";
				ENABLE_NS_ASSERTIONS = NO;
				ENABLE_STRICT_OBJC_MSGSEND = YES;
				GCC_C_LANGUAGE_STANDARD = gnu11;
				GCC_NO_COMMON_BLOCKS = YES;
				GCC_WARN_64_TO_32_BIT_CONVERSION = YES;
				GCC_WARN_ABOUT_RETURN_TYPE = YES_ERROR;
				GCC_WARN_UNDECLARED_SELECTOR = YES;
				GCC_WARN_UNINITIALIZED_AUTOS = YES_AGGRESSIVE;
				GCC_WARN_UNUSED_FUNCTION = YES;
				GCC_WARN_UNUSED_VARIABLE = YES;
				IPHONEOS_DEPLOYMENT_TARGET = 15.5;
				MTL_ENABLE_DEBUG_INFO = NO;
				MTL_FAST_MATH = YES;
				SDKROOT = iphoneos;
				SWIFT_COMPILATION_MODE = wholemodule;
				SWIFT_OPTIMIZATION_LEVEL = "-O";
				VALIDATE_PRODUCT = YES;
			};
			name = Release;
		};
		B791AFC428B0CA5A00BCDF29 /* Debug */ = {
			isa = XCBuildConfiguration;
			buildSettings = {
				ASSETCATALOG_COMPILER_APPICON_NAME = AppIcon;
				ASSETCATALOG_COMPILER_GLOBAL_ACCENT_COLOR_NAME = AccentColor;
				CODE_SIGN_STYLE = Automatic;
				CURRENT_PROJECT_VERSION = 1;
				DEVELOPMENT_TEAM = PCV3VLUN64;
				GENERATE_INFOPLIST_FILE = YES;
				INFOPLIST_FILE = "Namaz Sureleri/Info.plist";
				INFOPLIST_KEY_UIApplicationSupportsIndirectInputEvents = YES;
				INFOPLIST_KEY_UILaunchStoryboardName = LaunchScreen;
				INFOPLIST_KEY_UIMainStoryboardFile = Main;
				INFOPLIST_KEY_UISupportedInterfaceOrientations_iPad = "UIInterfaceOrientationPortrait UIInterfaceOrientationPortraitUpsideDown UIInterfaceOrientationLandscapeLeft UIInterfaceOrientationLandscapeRight";
				INFOPLIST_KEY_UISupportedInterfaceOrientations_iPhone = "UIInterfaceOrientationPortrait UIInterfaceOrientationLandscapeLeft UIInterfaceOrientationLandscapeRight";
				LD_RUNPATH_SEARCH_PATHS = (
					"$(inherited)",
					"@executable_path/Frameworks",
				);
				MARKETING_VERSION = 1.0;
				PRODUCT_BUNDLE_IDENTIFIER = "dsa.Namaz-Sureleri";
				PRODUCT_NAME = "$(TARGET_NAME)";
				SWIFT_EMIT_LOC_STRINGS = YES;
				SWIFT_VERSION = 5.0;
				TARGETED_DEVICE_FAMILY = "1,2";
			};
			name = Debug;
		};
		B791AFC528B0CA5A00BCDF29 /* Release */ = {
			isa = XCBuildConfiguration;
			buildSettings = {
				ASSETCATALOG_COMPILER_APPICON_NAME = AppIcon;
				ASSETCATALOG_COMPILER_GLOBAL_ACCENT_COLOR_NAME = AccentColor;
				CODE_SIGN_STYLE = Automatic;
				CURRENT_PROJECT_VERSION = 1;
				DEVELOPMENT_TEAM = PCV3VLUN64;
				GENERATE_INFOPLIST_FILE = YES;
				INFOPLIST_FILE = "Namaz Sureleri/Info.plist";
				INFOPLIST_KEY_UIApplicationSupportsIndirectInputEvents = YES;
				INFOPLIST_KEY_UILaunchStoryboardName = LaunchScreen;
				INFOPLIST_KEY_UIMainStoryboardFile = Main;
				INFOPLIST_KEY_UISupportedInterfaceOrientations_iPad = "UIInterfaceOrientationPortrait UIInterfaceOrientationPortraitUpsideDown UIInterfaceOrientationLandscapeLeft UIInterfaceOrientationLandscapeRight";
				INFOPLIST_KEY_UISupportedInterfaceOrientations_iPhone = "UIInterfaceOrientationPortrait UIInterfaceOrientationLandscapeLeft UIInterfaceOrientationLandscapeRight";
				LD_RUNPATH_SEARCH_PATHS = (
					"$(inherited)",
					"@executable_path/Frameworks",
				);
				MARKETING_VERSION = 1.0;
				PRODUCT_BUNDLE_IDENTIFIER = "dsa.Namaz-Sureleri";
				PRODUCT_NAME = "$(TARGET_NAME)";
				SWIFT_EMIT_LOC_STRINGS = YES;
				SWIFT_VERSION = 5.0;
				TARGETED_DEVICE_FAMILY = "1,2";
			};
			name = Release;
		};
		B791AFC728B0CA5A00BCDF29 /* Debug */ = {
			isa = XCBuildConfiguration;
			buildSettings = {
				ALWAYS_EMBED_SWIFT_STANDARD_LIBRARIES = YES;
				BUNDLE_LOADER = "$(TEST_HOST)";
				CODE_SIGN_STYLE = Automatic;
				CURRENT_PROJECT_VERSION = 1;
				DEVELOPMENT_TEAM = PCV3VLUN64;
				GENERATE_INFOPLIST_FILE = YES;
				IPHONEOS_DEPLOYMENT_TARGET = 15.5;
				MARKETING_VERSION = 1.0;
				PRODUCT_BUNDLE_IDENTIFIER = "dsa.Namaz-SureleriTests";
				PRODUCT_NAME = "$(TARGET_NAME)";
				SWIFT_EMIT_LOC_STRINGS = NO;
				SWIFT_VERSION = 5.0;
				TARGETED_DEVICE_FAMILY = "1,2";
				TEST_HOST = "$(BUILT_PRODUCTS_DIR)/Namaz Sureleri.app/Namaz Sureleri";
			};
			name = Debug;
		};
		B791AFC828B0CA5A00BCDF29 /* Release */ = {
			isa = XCBuildConfiguration;
			buildSettings = {
				ALWAYS_EMBED_SWIFT_STANDARD_LIBRARIES = YES;
				BUNDLE_LOADER = "$(TEST_HOST)";
				CODE_SIGN_STYLE = Automatic;
				CURRENT_PROJECT_VERSION = 1;
				DEVELOPMENT_TEAM = PCV3VLUN64;
				GENERATE_INFOPLIST_FILE = YES;
				IPHONEOS_DEPLOYMENT_TARGET = 15.5;
				MARKETING_VERSION = 1.0;
				PRODUCT_BUNDLE_IDENTIFIER = "dsa.Namaz-SureleriTests";
				PRODUCT_NAME = "$(TARGET_NAME)";
				SWIFT_EMIT_LOC_STRINGS = NO;
				SWIFT_VERSION = 5.0;
				TARGETED_DEVICE_FAMILY = "1,2";
				TEST_HOST = "$(BUILT_PRODUCTS_DIR)/Namaz Sureleri.app/Namaz Sureleri";
			};
			name = Release;
		};
		B791AFCA28B0CA5A00BCDF29 /* Debug */ = {
			isa = XCBuildConfiguration;
			buildSettings = {
				ALWAYS_EMBED_SWIFT_STANDARD_LIBRARIES = YES;
				CODE_SIGN_STYLE = Automatic;
				CURRENT_PROJECT_VERSION = 1;
				DEVELOPMENT_TEAM = PCV3VLUN64;
				GENERATE_INFOPLIST_FILE = YES;
				MARKETING_VERSION = 1.0;
				PRODUCT_BUNDLE_IDENTIFIER = "dsa.Namaz-SureleriUITests";
				PRODUCT_NAME = "$(TARGET_NAME)";
				SWIFT_EMIT_LOC_STRINGS = NO;
				SWIFT_VERSION = 5.0;
				TARGETED_DEVICE_FAMILY = "1,2";
				TEST_TARGET_NAME = "Namaz Sureleri";
			};
			name = Debug;
		};
		B791AFCB28B0CA5A00BCDF29 /* Release */ = {
			isa = XCBuildConfiguration;
			buildSettings = {
				ALWAYS_EMBED_SWIFT_STANDARD_LIBRARIES = YES;
				CODE_SIGN_STYLE = Automatic;
				CURRENT_PROJECT_VERSION = 1;
				DEVELOPMENT_TEAM = PCV3VLUN64;
				GENERATE_INFOPLIST_FILE = YES;
				MARKETING_VERSION = 1.0;
				PRODUCT_BUNDLE_IDENTIFIER = "dsa.Namaz-SureleriUITests";
				PRODUCT_NAME = "$(TARGET_NAME)";
				SWIFT_EMIT_LOC_STRINGS = NO;
				SWIFT_VERSION = 5.0;
				TARGETED_DEVICE_FAMILY = "1,2";
				TEST_TARGET_NAME = "Namaz Sureleri";
			};
			name = Release;
		};
/* End XCBuildConfiguration section */

/* Begin XCConfigurationList section */
		B791AF9128B0CA5800BCDF29 /* Build configuration list for PBXProject "Namaz Sureleri" */ = {
			isa = XCConfigurationList;
			buildConfigurations = (
				B791AFC128B0CA5A00BCDF29 /* Debug */,
				B791AFC228B0CA5A00BCDF29 /* Release */,
			);
			defaultConfigurationIsVisible = 0;
			defaultConfigurationName = Release;
		};
		B791AFC328B0CA5A00BCDF29 /* Build configuration list for PBXNativeTarget "Namaz Sureleri" */ = {
			isa = XCConfigurationList;
			buildConfigurations = (
				B791AFC428B0CA5A00BCDF29 /* Debug */,
				B791AFC528B0CA5A00BCDF29 /* Release */,
			);
			defaultConfigurationIsVisible = 0;
			defaultConfigurationName = Release;
		};
		B791AFC628B0CA5A00BCDF29 /* Build configuration list for PBXNativeTarget "Namaz SureleriTests" */ = {
			isa = XCConfigurationList;
			buildConfigurations = (
				B791AFC728B0CA5A00BCDF29 /* Debug */,
				B791AFC828B0CA5A00BCDF29 /* Release */,
			);
			defaultConfigurationIsVisible = 0;
			defaultConfigurationName = Release;
		};
		B791AFC928B0CA5A00BCDF29 /* Build configuration list for PBXNativeTarget "Namaz SureleriUITests" */ = {
			isa = XCConfigurationList;
			buildConfigurations = (
				B791AFCA28B0CA5A00BCDF29 /* Debug */,
				B791AFCB28B0CA5A00BCDF29 /* Release */,
			);
			defaultConfigurationIsVisible = 0;
			defaultConfigurationName = Release;
		};
/* End XCConfigurationList section */

/* Begin XCVersionGroup section */
		B791AFA228B0CA5800BCDF29 /* Namaz_Sureleri.xcdatamodeld */ = {
			isa = XCVersionGroup;
			children = (
				B791AFA328B0CA5800BCDF29 /* Namaz_Sureleri.xcdatamodel */,
			);
			currentVersion = B791AFA328B0CA5800BCDF29 /* Namaz_Sureleri.xcdatamodel */;
			path = Namaz_Sureleri.xcdatamodeld;
			sourceTree = "<group>";
			versionGroupType = wrapper.xcdatamodel;
		};
/* End XCVersionGroup section */
	};
	rootObject = B791AF8E28B0CA5800BCDF29 /* Project object */;
}
